{
    "_meta": {
        "hash": {
            "sha256": "1b2c66bc7204047992de1ffbc62325d43db334a018ad7b0f142efa866a8bac66"
        },
        "pipfile-spec": 6,
        "requires": {
            "python_version": "3.12"
        },
        "sources": [
            {
                "name": "pypi",
                "url": "https://pypi.org/simple",
                "verify_ssl": true
            }
        ]
    },
    "default": {
        "peewee": {
            "hashes": [
                "sha256:5fa665913c410f0b5faef1469ed0aa9eceb9fef262665ebbb6f29408f826eeeb",
                "sha256:ea2f78f24ff9e3660281dc5b0be8bc00d9a9514bdc40c98e416fcd042b66ac6a"
            ],
            "index": "pypi",
            "version": "==4.0.6"
        }
    },
    "develop": {}
}
